// !$*UTF8*$!
{
	archiveVersion = 1;
	classes = {
	};
	objectVersion = 46;
	objects = {

/* Begin PBXBuildFile section */
		1FCC979B011F8EEA0DE29768 /* libPods-YSActionSheetExample.a in Frameworks */ = {isa = PBXBuildFile; fileRef = 72F03D46BE86BE45B3487937 /* libPods-YSActionSheetExample.a */; };
		B844487B1B103EDF00A771C4 /* YSActionSheetCell.xib in Resources */ = {isa = PBXBuildFile; fileRef = B844487A1B103EDF00A771C4 /* YSActionSheetCell.xib */; };
		B87239751975159200EC5CE2 /* Foundation.framework in Frameworks */ = {isa = PBXBuildFile; fileRef = B87239741975159200EC5CE2 /* Foundation.framework */; };
		B87239771975159200EC5CE2 /* CoreGraphics.framework in Frameworks */ = {isa = PBXBuildFile; fileRef = B87239761975159200EC5CE2 /* CoreGraphics.framework */; };
		B87239791975159200EC5CE2 /* UIKit.framework in Frameworks */ = {isa = PBXBuildFile; fileRef = B87239781975159200EC5CE2 /* UIKit.framework */; };
		B872397F1975159200EC5CE2 /* InfoPlist.strings in Resources */ = {isa = PBXBuildFile; fileRef = B872397D1975159200EC5CE2 /* InfoPlist.strings */; };
		B87239811975159200EC5CE2 /* main.m in Sources */ = {isa = PBXBuildFile; fileRef = B87239801975159200EC5CE2 /* main.m */; };
		B87239851975159200EC5CE2 /* AppDelegate.m in Sources */ = {isa = PBXBuildFile; fileRef = B87239841975159200EC5CE2 /* AppDelegate.m */; };
		B87239881975159200EC5CE2 /* Main.storyboard in Resources */ = {isa = PBXBuildFile; fileRef = B87239861975159200EC5CE2 /* Main.storyboard */; };
		B872398D1975159200EC5CE2 /* Images.xcassets in Resources */ = {isa = PBXBuildFile; fileRef = B872398C1975159200EC5CE2 /* Images.xcassets */; };
		B87239941975159200EC5CE2 /* XCTest.framework in Frameworks */ = {isa = PBXBuildFile; fileRef = B87239931975159200EC5CE2 /* XCTest.framework */; };
		B87239951975159200EC5CE2 /* Foundation.framework in Frameworks */ = {isa = PBXBuildFile; fileRef = B87239741975159200EC5CE2 /* Foundation.framework */; };
		B87239961975159200EC5CE2 /* UIKit.framework in Frameworks */ = {isa = PBXBuildFile; fileRef = B87239781975159200EC5CE2 /* UIKit.framework */; };
		B872399E1975159200EC5CE2 /* InfoPlist.strings in Resources */ = {isa = PBXBuildFile; fileRef = B872399C1975159200EC5CE2 /* InfoPlist.strings */; };
		B87239A01975159200EC5CE2 /* YSActionSheetExampleTests.m in Sources */ = {isa = PBXBuildFile; fileRef = B872399F1975159200EC5CE2 /* YSActionSheetExampleTests.m */; };
		B87239AC197515BB00EC5CE2 /* YSActionSheet.m in Sources */ = {isa = PBXBuildFile; fileRef = B87239AB197515BB00EC5CE2 /* YSActionSheet.m */; };
		B87239B619751D6100EC5CE2 /* cat@2x.png in Resources */ = {isa = PBXBuildFile; fileRef = B87239B519751D6100EC5CE2 /* cat@2x.png */; };
		B87DFDF81AAD893C00D5175F /* TableViewController.m in Sources */ = {isa = PBXBuildFile; fileRef = B87DFDF71AAD893C00D5175F /* TableViewController.m */; };
		B87DFDFA1AADA0AB00D5175F /* LaunchScreen.xib in Resources */ = {isa = PBXBuildFile; fileRef = B87DFDF91AADA0AB00D5175F /* LaunchScreen.xib */; };
		B8B678601B0FB2A800C6924A /* YSActionSheetItem.m in Sources */ = {isa = PBXBuildFile; fileRef = B8B678501B0FB2A800C6924A /* YSActionSheetItem.m */; };
		B8B678611B0FB2A800C6924A /* YSActionSheetUtility.m in Sources */ = {isa = PBXBuildFile; fileRef = B8B678531B0FB2A800C6924A /* YSActionSheetUtility.m */; };
		B8B678621B0FB2A800C6924A /* YSActionSheetCell.m in Sources */ = {isa = PBXBuildFile; fileRef = B8B678561B0FB2A800C6924A /* YSActionSheetCell.m */; };
		B8B678631B0FB2A800C6924A /* YSActionSheetHeaderView.m in Sources */ = {isa = PBXBuildFile; fileRef = B8B678581B0FB2A800C6924A /* YSActionSheetHeaderView.m */; };
		B8B678641B0FB2A800C6924A /* YSActionSheetHeaderView.xib in Resources */ = {isa = PBXBuildFile; fileRef = B8B678591B0FB2A800C6924A /* YSActionSheetHeaderView.xib */; };
		B8B678651B0FB2A800C6924A /* YSActionSheet.storyboard in Resources */ = {isa = PBXBuildFile; fileRef = B8B6785B1B0FB2A800C6924A /* YSActionSheet.storyboard */; };
		B8B678661B0FB2A800C6924A /* YSActionSheetTableViewController.m in Sources */ = {isa = PBXBuildFile; fileRef = B8B6785D1B0FB2A800C6924A /* YSActionSheetTableViewController.m */; };
		B8B678691B0FB43600C6924A /* cat2@2x.png in Resources */ = {isa = PBXBuildFile; fileRef = B8B678681B0FB43600C6924A /* cat2@2x.png */; };
		B8C012331AAEE4D400DBC176 /* NavigationController.m in Sources */ = {isa = PBXBuildFile; fileRef = B8C012321AAEE4D400DBC176 /* NavigationController.m */; };
		F184419E5A3E3361C614D647 /* libPods-YSActionSheetExampleTests.a in Frameworks */ = {isa = PBXBuildFile; fileRef = 83AC49572EE00F50D2DE0BAE /* libPods-YSActionSheetExampleTests.a */; };
/* End PBXBuildFile section */

/* Begin PBXContainerItemProxy section */
		B87239971975159200EC5CE2 /* PBXContainerItemProxy */ = {
			isa = PBXContainerItemProxy;
			containerPortal = B87239691975159200EC5CE2 /* Project object */;
			proxyType = 1;
			remoteGlobalIDString = B87239701975159200EC5CE2;
			remoteInfo = YSActionSheetExample;
		};
/* End PBXContainerItemProxy section */

/* Begin PBXFileReference section */
		1DC469F0C4033F64957A74B2 /* Pods-YSActionSheetExample.debug.xcconfig */ = {isa = PBXFileReference; includeInIndex = 1; lastKnownFileType = text.xcconfig; name = "Pods-YSActionSheetExample.debug.xcconfig"; path = "Pods/Target Support Files/Pods-YSActionSheetExample/Pods-YSActionSheetExample.debug.xcconfig"; sourceTree = "<group>"; };
		28C12CA36EAAC624314A1ADF /* Pods-YSActionSheetExampleTests.debug.xcconfig */ = {isa = PBXFileReference; includeInIndex = 1; lastKnownFileType = text.xcconfig; name = "Pods-YSActionSheetExampleTests.debug.xcconfig"; path = "Pods/Target Support Files/Pods-YSActionSheetExampleTests/Pods-YSActionSheetExampleTests.debug.xcconfig"; sourceTree = "<group>"; };
		32CA6914E3F1D9E7306F333F /* Pods-YSActionSheetExample.release.xcconfig */ = {isa = PBXFileReference; includeInIndex = 1; lastKnownFileType = text.xcconfig; name = "Pods-YSActionSheetExample.release.xcconfig"; path = "Pods/Target Support Files/Pods-YSActionSheetExample/Pods-YSActionSheetExample.release.xcconfig"; sourceTree = "<group>"; };
		72F03D46BE86BE45B3487937 /* libPods-YSActionSheetExample.a */ = {isa = PBXFileReference; explicitFileType = archive.ar; includeInIndex = 0; path = "libPods-YSActionSheetExample.a"; sourceTree = BUILT_PRODUCTS_DIR; };
		83AC49572EE00F50D2DE0BAE /* libPods-YSActionSheetExampleTests.a */ = {isa = PBXFileReference; explicitFileType = archive.ar; includeInIndex = 0; path = "libPods-YSActionSheetExampleTests.a"; sourceTree = BUILT_PRODUCTS_DIR; };
		B844487A1B103EDF00A771C4 /* YSActionSheetCell.xib */ = {isa = PBXFileReference; fileEncoding = 4; lastKnownFileType = file.xib; path = YSActionSheetCell.xib; sourceTree = "<group>"; };
		B87239711975159200EC5CE2 /* YSActionSheetExample.app */ = {isa = PBXFileReference; explicitFileType = wrapper.application; includeInIndex = 0; path = YSActionSheetExample.app; sourceTree = BUILT_PRODUCTS_DIR; };
		B87239741975159200EC5CE2 /* Foundation.framework */ = {isa = PBXFileReference; lastKnownFileType = wrapper.framework; name = Foundation.framework; path = System/Library/Frameworks/Foundation.framework; sourceTree = SDKROOT; };
		B87239761975159200EC5CE2 /* CoreGraphics.framework */ = {isa = PBXFileReference; lastKnownFileType = wrapper.framework; name = CoreGraphics.framework; path = System/Library/Frameworks/CoreGraphics.framework; sourceTree = SDKROOT; };
		B87239781975159200EC5CE2 /* UIKit.framework */ = {isa = PBXFileReference; lastKnownFileType = wrapper.framework; name = UIKit.framework; path = System/Library/Frameworks/UIKit.framework; sourceTree = SDKROOT; };
		B872397C1975159200EC5CE2 /* YSActionSheetExample-Info.plist */ = {isa = PBXFileReference; lastKnownFileType = text.plist.xml; path = "YSActionSheetExample-Info.plist"; sourceTree = "<group>"; };
		B872397E1975159200EC5CE2 /* en */ = {isa = PBXFileReference; lastKnownFileType = text.plist.strings; name = en; path = en.lproj/InfoPlist.strings; sourceTree = "<group>"; };
		B87239801975159200EC5CE2 /* main.m */ = {isa = PBXFileReference; lastKnownFileType = sourcecode.c.objc; path = main.m; sourceTree = "<group>"; };
		B87239821975159200EC5CE2 /* YSActionSheetExample-Prefix.pch */ = {isa = PBXFileReference; lastKnownFileType = sourcecode.c.h; path = "YSActionSheetExample-Prefix.pch"; sourceTree = "<group>"; };
		B87239831975159200EC5CE2 /* AppDelegate.h */ = {isa = PBXFileReference; lastKnownFileType = sourcecode.c.h; path = AppDelegate.h; sourceTree = "<group>"; };
		B87239841975159200EC5CE2 /* AppDelegate.m */ = {isa = PBXFileReference; lastKnownFileType = sourcecode.c.objc; path = AppDelegate.m; sourceTree = "<group>"; };
		B87239871975159200EC5CE2 /* Base */ = {isa = PBXFileReference; lastKnownFileType = file.storyboard; name = Base; path = Base.lproj/Main.storyboard; sourceTree = "<group>"; };
		B872398C1975159200EC5CE2 /* Images.xcassets */ = {isa = PBXFileReference; lastKnownFileType = folder.assetcatalog; path = Images.xcassets; sourceTree = "<group>"; };
		B87239921975159200EC5CE2 /* YSActionSheetExampleTests.xctest */ = {isa = PBXFileReference; explicitFileType = wrapper.cfbundle; includeInIndex = 0; path = YSActionSheetExampleTests.xctest; sourceTree = BUILT_PRODUCTS_DIR; };
		B87239931975159200EC5CE2 /* XCTest.framework */ = {isa = PBXFileReference; lastKnownFileType = wrapper.framework; name = XCTest.framework; path = Library/Frameworks/XCTest.framework; sourceTree = DEVELOPER_DIR; };
		B872399B1975159200EC5CE2 /* YSActionSheetExampleTests-Info.plist */ = {isa = PBXFileReference; lastKnownFileType = text.plist.xml; path = "YSActionSheetExampleTests-Info.plist"; sourceTree = "<group>"; };
		B872399D1975159200EC5CE2 /* en */ = {isa = PBXFileReference; lastKnownFileType = text.plist.strings; name = en; path = en.lproj/InfoPlist.strings; sourceTree = "<group>"; };
		B872399F1975159200EC5CE2 /* YSActionSheetExampleTests.m */ = {isa = PBXFileReference; lastKnownFileType = sourcecode.c.objc; path = YSActionSheetExampleTests.m; sourceTree = "<group>"; };
		B87239AA197515BB00EC5CE2 /* YSActionSheet.h */ = {isa = PBXFileReference; fileEncoding = 4; lastKnownFileType = sourcecode.c.h; path = YSActionSheet.h; sourceTree = "<group>"; };
		B87239AB197515BB00EC5CE2 /* YSActionSheet.m */ = {isa = PBXFileReference; fileEncoding = 4; lastKnownFileType = sourcecode.c.objc; path = YSActionSheet.m; sourceTree = "<group>"; };
		B87239B519751D6100EC5CE2 /* cat@2x.png */ = {isa = PBXFileReference; lastKnownFileType = image.png; path = "cat@2x.png"; sourceTree = "<group>"; };
		B87DFDF61AAD893C00D5175F /* TableViewController.h */ = {isa = PBXFileReference; fileEncoding = 4; lastKnownFileType = sourcecode.c.h; path = TableViewController.h; sourceTree = "<group>"; };
		B87DFDF71AAD893C00D5175F /* TableViewController.m */ = {isa = PBXFileReference; fileEncoding = 4; lastKnownFileType = sourcecode.c.objc; path = TableViewController.m; sourceTree = "<group>"; };
		B87DFDF91AADA0AB00D5175F /* LaunchScreen.xib */ = {isa = PBXFileReference; fileEncoding = 4; lastKnownFileType = file.xib; path = LaunchScreen.xib; sourceTree = "<group>"; };
		B8B6784F1B0FB2A800C6924A /* YSActionSheetItem.h */ = {isa = PBXFileReference; fileEncoding = 4; lastKnownFileType = sourcecode.c.h; path = YSActionSheetItem.h; sourceTree = "<group>"; };
		B8B678501B0FB2A800C6924A /* YSActionSheetItem.m */ = {isa = PBXFileReference; fileEncoding = 4; lastKnownFileType = sourcecode.c.objc; path = YSActionSheetItem.m; sourceTree = "<group>"; };
		B8B678521B0FB2A800C6924A /* YSActionSheetUtility.h */ = {isa = PBXFileReference; fileEncoding = 4; lastKnownFileType = sourcecode.c.h; path = YSActionSheetUtility.h; sourceTree = "<group>"; };
		B8B678531B0FB2A800C6924A /* YSActionSheetUtility.m */ = {isa = PBXFileReference; fileEncoding = 4; lastKnownFileType = sourcecode.c.objc; path = YSActionSheetUtility.m; sourceTree = "<group>"; };
		B8B678551B0FB2A800C6924A /* YSActionSheetCell.h */ = {isa = PBXFileReference; fileEncoding = 4; lastKnownFileType = sourcecode.c.h; path = YSActionSheetCell.h; sourceTree = "<group>"; };
		B8B678561B0FB2A800C6924A /* YSActionSheetCell.m */ = {isa = PBXFileReference; fileEncoding = 4; lastKnownFileType = sourcecode.c.objc; path = YSActionSheetCell.m; sourceTree = "<group>"; };
		B8B678571B0FB2A800C6924A /* YSActionSheetHeaderView.h */ = {isa = PBXFileReference; fileEncoding = 4; lastKnownFileType = sourcecode.c.h; path = YSActionSheetHeaderView.h; sourceTree = "<group>"; };
		B8B678581B0FB2A800C6924A /* YSActionSheetHeaderView.m */ = {isa = PBXFileReference; fileEncoding = 4; lastKnownFileType = sourcecode.c.objc; path = YSActionSheetHeaderView.m; sourceTree = "<group>"; };
		B8B678591B0FB2A800C6924A /* YSActionSheetHeaderView.xib */ = {isa = PBXFileReference; fileEncoding = 4; lastKnownFileType = file.xib; path = YSActionSheetHeaderView.xib; sourceTree = "<group>"; };
		B8B6785B1B0FB2A800C6924A /* YSActionSheet.storyboard */ = {isa = PBXFileReference; fileEncoding = 4; lastKnownFileType = file.storyboard; path = YSActionSheet.storyboard; sourceTree = "<group>"; };
		B8B6785C1B0FB2A800C6924A /* YSActionSheetTableViewController.h */ = {isa = PBXFileReference; fileEncoding = 4; lastKnownFileType = sourcecode.c.h; path = YSActionSheetTableViewController.h; sourceTree = "<group>"; };
		B8B6785D1B0FB2A800C6924A /* YSActionSheetTableViewController.m */ = {isa = PBXFileReference; fileEncoding = 4; lastKnownFileType = sourcecode.c.objc; path = YSActionSheetTableViewController.m; sourceTree = "<group>"; };
		B8B678681B0FB43600C6924A /* cat2@2x.png */ = {isa = PBXFileReference; lastKnownFileType = image.png; path = "cat2@2x.png"; sourceTree = "<group>"; };
		B8C012311AAEE4D400DBC176 /* NavigationController.h */ = {isa = PBXFileReference; fileEncoding = 4; lastKnownFileType = sourcecode.c.h; path = NavigationController.h; sourceTree = "<group>"; };
		B8C012321AAEE4D400DBC176 /* NavigationController.m */ = {isa = PBXFileReference; fileEncoding = 4; lastKnownFileType = sourcecode.c.objc; path = NavigationController.m; sourceTree = "<group>"; };
		BB4BA02FF0A0A01FAB9DDB09 /* Pods-YSActionSheetExampleTests.release.xcconfig */ = {isa = PBXFileReference; includeInIndex = 1; lastKnownFileType = text.xcconfig; name = "Pods-YSActionSheetExampleTests.release.xcconfig"; path = "Pods/Target Support Files/Pods-YSActionSheetExampleTests/Pods-YSActionSheetExampleTests.release.xcconfig"; sourceTree = "<group>"; };
/* End PBXFileReference section */

/* Begin PBXFrameworksBuildPhase section */
		B872396E1975159200EC5CE2 /* Frameworks */ = {
			isa = PBXFrameworksBuildPhase;
			buildActionMask = 2147483647;
			files = (
				B87239771975159200EC5CE2 /* CoreGraphics.framework in Frameworks */,
				B87239791975159200EC5CE2 /* UIKit.framework in Frameworks */,
				B87239751975159200EC5CE2 /* Foundation.framework in Frameworks */,
				1FCC979B011F8EEA0DE29768 /* libPods-YSActionSheetExample.a in Frameworks */,
			);
			runOnlyForDeploymentPostprocessing = 0;
		};
		B872398F1975159200EC5CE2 /* Frameworks */ = {
			isa = PBXFrameworksBuildPhase;
			buildActionMask = 2147483647;
			files = (
				B87239941975159200EC5CE2 /* XCTest.framework in Frameworks */,
				B87239961975159200EC5CE2 /* UIKit.framework in Frameworks */,
				B87239951975159200EC5CE2 /* Foundation.framework in Frameworks */,
				F184419E5A3E3361C614D647 /* libPods-YSActionSheetExampleTests.a in Frameworks */,
			);
			runOnlyForDeploymentPostprocessing = 0;
		};
/* End PBXFrameworksBuildPhase section */

/* Begin PBXGroup section */
		0189DAF43EEC4AE384C1066F /* Pods */ = {
			isa = PBXGroup;
			children = (
				1DC469F0C4033F64957A74B2 /* Pods-YSActionSheetExample.debug.xcconfig */,
				32CA6914E3F1D9E7306F333F /* Pods-YSActionSheetExample.release.xcconfig */,
				28C12CA36EAAC624314A1ADF /* Pods-YSActionSheetExampleTests.debug.xcconfig */,
				BB4BA02FF0A0A01FAB9DDB09 /* Pods-YSActionSheetExampleTests.release.xcconfig */,
			);
			name = Pods;
			sourceTree = "<group>";
		};
		B87239681975159200EC5CE2 = {
			isa = PBXGroup;
			children = (
				B872397A1975159200EC5CE2 /* YSActionSheetExample */,
				B87239A9197515AD00EC5CE2 /* YSActionSheet */,
				B87239991975159200EC5CE2 /* YSActionSheetExampleTests */,
				B87239731975159200EC5CE2 /* Frameworks */,
				B87239721975159200EC5CE2 /* Products */,
				0189DAF43EEC4AE384C1066F /* Pods */,
			);
			sourceTree = "<group>";
		};
		B87239721975159200EC5CE2 /* Products */ = {
			isa = PBXGroup;
			children = (
				B87239711975159200EC5CE2 /* YSActionSheetExample.app */,
				B87239921975159200EC5CE2 /* YSActionSheetExampleTests.xctest */,
			);
			name = Products;
			sourceTree = "<group>";
		};
		B87239731975159200EC5CE2 /* Frameworks */ = {
			isa = PBXGroup;
			children = (
				B87239741975159200EC5CE2 /* Foundation.framework */,
				B87239761975159200EC5CE2 /* CoreGraphics.framework */,
				B87239781975159200EC5CE2 /* UIKit.framework */,
				B87239931975159200EC5CE2 /* XCTest.framework */,
				72F03D46BE86BE45B3487937 /* libPods-YSActionSheetExample.a */,
				83AC49572EE00F50D2DE0BAE /* libPods-YSActionSheetExampleTests.a */,
			);
			name = Frameworks;
			sourceTree = "<group>";
		};
		B872397A1975159200EC5CE2 /* YSActionSheetExample */ = {
			isa = PBXGroup;
			children = (
				B87239831975159200EC5CE2 /* AppDelegate.h */,
				B87239841975159200EC5CE2 /* AppDelegate.m */,
				B87239861975159200EC5CE2 /* Main.storyboard */,
				B8C012311AAEE4D400DBC176 /* NavigationController.h */,
				B8C012321AAEE4D400DBC176 /* NavigationController.m */,
				B87DFDF61AAD893C00D5175F /* TableViewController.h */,
				B87DFDF71AAD893C00D5175F /* TableViewController.m */,
				B87239B519751D6100EC5CE2 /* cat@2x.png */,
				B8B678681B0FB43600C6924A /* cat2@2x.png */,
				B87DFDF91AADA0AB00D5175F /* LaunchScreen.xib */,
				B872398C1975159200EC5CE2 /* Images.xcassets */,
				B872397B1975159200EC5CE2 /* Supporting Files */,
			);
			path = YSActionSheetExample;
			sourceTree = "<group>";
		};
		B872397B1975159200EC5CE2 /* Supporting Files */ = {
			isa = PBXGroup;
			children = (
				B872397C1975159200EC5CE2 /* YSActionSheetExample-Info.plist */,
				B872397D1975159200EC5CE2 /* InfoPlist.strings */,
				B87239801975159200EC5CE2 /* main.m */,
				B87239821975159200EC5CE2 /* YSActionSheetExample-Prefix.pch */,
			);
			name = "Supporting Files";
			sourceTree = "<group>";
		};
		B87239991975159200EC5CE2 /* YSActionSheetExampleTests */ = {
			isa = PBXGroup;
			children = (
				B872399F1975159200EC5CE2 /* YSActionSheetExampleTests.m */,
				B872399A1975159200EC5CE2 /* Supporting Files */,
			);
			path = YSActionSheetExampleTests;
			sourceTree = "<group>";
		};
		B872399A1975159200EC5CE2 /* Supporting Files */ = {
			isa = PBXGroup;
			children = (
				B872399B1975159200EC5CE2 /* YSActionSheetExampleTests-Info.plist */,
				B872399C1975159200EC5CE2 /* InfoPlist.strings */,
			);
			name = "Supporting Files";
			sourceTree = "<group>";
		};
		B87239A9197515AD00EC5CE2 /* YSActionSheet */ = {
			isa = PBXGroup;
			children = (
				B87239AA197515BB00EC5CE2 /* YSActionSheet.h */,
				B87239AB197515BB00EC5CE2 /* YSActionSheet.m */,
				B8B6785A1B0FB2A800C6924A /* ViewController */,
				B8B678541B0FB2A800C6924A /* View */,
				B8B6784E1B0FB2A800C6924A /* Model */,
				B8B678511B0FB2A800C6924A /* Utility */,
			);
			name = YSActionSheet;
			path = ../../Classes/YSActionSheet;
			sourceTree = "<group>";
		};
		B8B6784E1B0FB2A800C6924A /* Model */ = {
			isa = PBXGroup;
			children = (
				B8B6784F1B0FB2A800C6924A /* YSActionSheetItem.h */,
				B8B678501B0FB2A800C6924A /* YSActionSheetItem.m */,
			);
			path = Model;
			sourceTree = "<group>";
		};
		B8B678511B0FB2A800C6924A /* Utility */ = {
			isa = PBXGroup;
			children = (
				B8B678521B0FB2A800C6924A /* YSActionSheetUtility.h */,
				B8B678531B0FB2A800C6924A /* YSActionSheetUtility.m */,
			);
			path = Utility;
			sourceTree = "<group>";
		};
		B8B678541B0FB2A800C6924A /* View */ = {
			isa = PBXGroup;
			children = (
				B8B678551B0FB2A800C6924A /* YSActionSheetCell.h */,
				B8B678561B0FB2A800C6924A /* YSActionSheetCell.m */,
				B844487A1B103EDF00A771C4 /* YSActionSheetCell.xib */,
				B8B678571B0FB2A800C6924A /* YSActionSheetHeaderView.h */,
				B8B678581B0FB2A800C6924A /* YSActionSheetHeaderView.m */,
				B8B678591B0FB2A800C6924A /* YSActionSheetHeaderView.xib */,
			);
			path = View;
			sourceTree = "<group>";
		};
		B8B6785A1B0FB2A800C6924A /* ViewController */ = {
			isa = PBXGroup;
			children = (
				B8B6785B1B0FB2A800C6924A /* YSActionSheet.storyboard */,
				B8B6785C1B0FB2A800C6924A /* YSActionSheetTableViewController.h */,
				B8B6785D1B0FB2A800C6924A /* YSActionSheetTableViewController.m */,
			);
			path = ViewController;
			sourceTree = "<group>";
		};
/* End PBXGroup section */

/* Begin PBXNativeTarget section */
		B87239701975159200EC5CE2 /* YSActionSheetExample */ = {
			isa = PBXNativeTarget;
			buildConfigurationList = B87239A31975159200EC5CE2 /* Build configuration list for PBXNativeTarget "YSActionSheetExample" */;
			buildPhases = (
				50E5164662E5054B1E0D9553 /* [CP] Check Pods Manifest.lock */,
				B872396D1975159200EC5CE2 /* Sources */,
				B872396E1975159200EC5CE2 /* Frameworks */,
				B872396F1975159200EC5CE2 /* Resources */,
				9D6F7B4A63053DE479D51B84 /* [CP] Embed Pods Frameworks */,
				977C73C243F068664DAE1692 /* [CP] Copy Pods Resources */,
			);
			buildRules = (
			);
			dependencies = (
			);
			name = YSActionSheetExample;
			productName = YSActionSheetExample;
			productReference = B87239711975159200EC5CE2 /* YSActionSheetExample.app */;
			productType = "com.apple.product-type.application";
		};
		B87239911975159200EC5CE2 /* YSActionSheetExampleTests */ = {
			isa = PBXNativeTarget;
			buildConfigurationList = B87239A61975159200EC5CE2 /* Build configuration list for PBXNativeTarget "YSActionSheetExampleTests" */;
			buildPhases = (
				B2A95E12D2BB258AAEEB447E /* [CP] Check Pods Manifest.lock */,
				B872398E1975159200EC5CE2 /* Sources */,
				B872398F1975159200EC5CE2 /* Frameworks */,
				B87239901975159200EC5CE2 /* Resources */,
				1BA4BF3E919422772EBD7EC6 /* [CP] Embed Pods Frameworks */,
				D79C9E3A20EE2D17B094D348 /* [CP] Copy Pods Resources */,
			);
			buildRules = (
			);
			dependencies = (
				B87239981975159200EC5CE2 /* PBXTargetDependency */,
			);
			name = YSActionSheetExampleTests;
			productName = YSActionSheetExampleTests;
			productReference = B87239921975159200EC5CE2 /* YSActionSheetExampleTests.xctest */;
			productType = "com.apple.product-type.bundle.unit-test";
		};
/* End PBXNativeTarget section */

/* Begin PBXProject section */
		B87239691975159200EC5CE2 /* Project object */ = {
			isa = PBXProject;
			attributes = {
				LastUpgradeCheck = 0700;
				ORGANIZATIONNAME = "Yu Sugawara";
				TargetAttributes = {
					B87239911975159200EC5CE2 = {
						TestTargetID = B87239701975159200EC5CE2;
					};
				};
			};
			buildConfigurationList = B872396C1975159200EC5CE2 /* Build configuration list for PBXProject "YSActionSheetExample" */;
			compatibilityVersion = "Xcode 3.2";
			developmentRegion = English;
			hasScannedForEncodings = 0;
			knownRegions = (
				en,
				Base,
			);
			mainGroup = B87239681975159200EC5CE2;
			productRefGroup = B87239721975159200EC5CE2 /* Products */;
			projectDirPath = "";
			projectRoot = "";
			targets = (
				B87239701975159200EC5CE2 /* YSActionSheetExample */,
				B87239911975159200EC5CE2 /* YSActionSheetExampleTests */,
			);
		};
/* End PBXProject section */

/* Begin PBXResourcesBuildPhase section */
		B872396F1975159200EC5CE2 /* Resources */ = {
			isa = PBXResourcesBuildPhase;
			buildActionMask = 2147483647;
			files = (
				B872398D1975159200EC5CE2 /* Images.xcassets in Resources */,
				B87239B619751D6100EC5CE2 /* cat@2x.png in Resources */,
				B8B678691B0FB43600C6924A /* cat2@2x.png in Resources */,
				B872397F1975159200EC5CE2 /* InfoPlist.strings in Resources */,
				B8B678641B0FB2A800C6924A /* YSActionSheetHeaderView.xib in Resources */,
				B8B678651B0FB2A800C6924A /* YSActionSheet.storyboard in Resources */,
				B87DFDFA1AADA0AB00D5175F /* LaunchScreen.xib in Resources */,
				B87239881975159200EC5CE2 /* Main.storyboard in Resources */,
				B844487B1B103EDF00A771C4 /* YSActionSheetCell.xib in Resources */,
			);
			runOnlyForDeploymentPostprocessing = 0;
		};
		B87239901975159200EC5CE2 /* Resources */ = {
			isa = PBXResourcesBuildPhase;
			buildActionMask = 2147483647;
			files = (
				B872399E1975159200EC5CE2 /* InfoPlist.strings in Resources */,
			);
			runOnlyForDeploymentPostprocessing = 0;
		};
/* End PBXResourcesBuildPhase section */

/* Begin PBXShellScriptBuildPhase section */
		1BA4BF3E919422772EBD7EC6 /* [CP] Embed Pods Frameworks */ = {
			isa = PBXShellScriptBuildPhase;
			buildActionMask = 2147483647;
			files = (
			);
			inputPaths = (
			);
			name = "[CP] Embed Pods Frameworks";
			outputPaths = (
			);
			runOnlyForDeploymentPostprocessing = 0;
			shellPath = /bin/sh;
			shellScript = "\"${SRCROOT}/Pods/Target Support Files/Pods-YSActionSheetExampleTests/Pods-YSActionSheetExampleTests-frameworks.sh\"\n";
			showEnvVarsInLog = 0;
		};
		50E5164662E5054B1E0D9553 /* [CP] Check Pods Manifest.lock */ = {
			isa = PBXShellScriptBuildPhase;
			buildActionMask = 2147483647;
			files = (
			);
			inputPaths = (
			);
			name = "[CP] Check Pods Manifest.lock";
			outputPaths = (
			);
			runOnlyForDeploymentPostprocessing = 0;
			shellPath = /bin/sh;
			shellScript = "diff \"${PODS_ROOT}/../Podfile.lock\" \"${PODS_ROOT}/Manifest.lock\" > /dev/null\nif [[ $? != 0 ]] ; then\n    cat << EOM\nerror: The sandbox is not in sync with the Podfile.lock. Run 'pod install' or update your CocoaPods installation.\nEOM\n    exit 1\nfi\n";
			showEnvVarsInLog = 0;
		};
		977C73C243F068664DAE1692 /* [CP] Copy Pods Resources */ = {
			isa = PBXShellScriptBuildPhase;
			buildActionMask = 2147483647;
			files = (
			);
			inputPaths = (
			);
			name = "[CP] Copy Pods Resources";
			outputPaths = (
			);
			runOnlyForDeploymentPostprocessing = 0;
			shellPath = /bin/sh;
			shellScript = "\"${SRCROOT}/Pods/Target Support Files/Pods-YSActionSheetExample/Pods-YSActionSheetExample-resources.sh\"\n";
			showEnvVarsInLog = 0;
		};
		9D6F7B4A63053DE479D51B84 /* [CP] Embed Pods Frameworks */ = {
			isa = PBXShellScriptBuildPhase;
			buildActionMask = 2147483647;
			files = (
			);
			inputPaths = (
			);
			name = "[CP] Embed Pods Frameworks";
			outputPaths = (
			);
			runOnlyForDeploymentPostprocessing = 0;
			shellPath = /bin/sh;
			shellScript = "\"${SRCROOT}/Pods/Target Support Files/Pods-YSActionSheetExample/Pods-YSActionSheetExample-frameworks.sh\"\n";
			showEnvVarsInLog = 0;
		};
		B2A95E12D2BB258AAEEB447E /* [CP] Check Pods Manifest.lock */ = {
			isa = PBXShellScriptBuildPhase;
			buildActionMask = 2147483647;
			files = (
			);
			inputPaths = (
			);
			name = "[CP] Check Pods Manifest.lock";
			outputPaths = (
			);
			runOnlyForDeploymentPostprocessing = 0;
			shellPath = /bin/sh;
			shellScript = "diff \"${PODS_ROOT}/../Podfile.lock\" \"${PODS_ROOT}/Manifest.lock\" > /dev/null\nif [[ $? != 0 ]] ; then\n    cat << EOM\nerror: The sandbox is not in sync with the Podfile.lock. Run 'pod install' or update your CocoaPods installation.\nEOM\n    exit 1\nfi\n";
			showEnvVarsInLog = 0;
		};
		D79C9E3A20EE2D17B094D348 /* [CP] Copy Pods Resources */ = {
			isa = PBXShellScriptBuildPhase;
			buildActionMask = 2147483647;
			files = (
			);
			inputPaths = (
			);
			name = "[CP] Copy Pods Resources";
			outputPaths = (
			);
			runOnlyForDeploymentPostprocessing = 0;
			shellPath = /bin/sh;
			shellScript = "\"${SRCROOT}/Pods/Target Support Files/Pods-YSActionSheetExampleTests/Pods-YSActionSheetExampleTests-resources.sh\"\n";
			showEnvVarsInLog = 0;
		};
/* End PBXShellScriptBuildPhase section */

/* Begin PBXSourcesBuildPhase section */
		B872396D1975159200EC5CE2 /* Sources */ = {
			isa = PBXSourcesBuildPhase;
			buildActionMask = 2147483647;
			files = (
				B8B678661B0FB2A800C6924A /* YSActionSheetTableViewController.m in Sources */,
				B87239AC197515BB00EC5CE2 /* YSActionSheet.m in Sources */,
				B8B678631B0FB2A800C6924A /* YSActionSheetHeaderView.m in Sources */,
				B8B678611B0FB2A800C6924A /* YSActionSheetUtility.m in Sources */,
				B8C012331AAEE4D400DBC176 /* NavigationController.m in Sources */,
				B87239851975159200EC5CE2 /* AppDelegate.m in Sources */,
				B87239811975159200EC5CE2 /* main.m in Sources */,
				B8B678601B0FB2A800C6924A /* YSActionSheetItem.m in Sources */,
				B87DFDF81AAD893C00D5175F /* TableViewController.m in Sources */,
				B8B678621B0FB2A800C6924A /* YSActionSheetCell.m in Sources */,
			);
			runOnlyForDeploymentPostprocessing = 0;
		};
		B872398E1975159200EC5CE2 /* Sources */ = {
			isa = PBXSourcesBuildPhase;
			buildActionMask = 2147483647;
			files = (
				B87239A01975159200EC5CE2 /* YSActionSheetExampleTests.m in Sources */,
			);
			runOnlyForDeploymentPostprocessing = 0;
		};
/* End PBXSourcesBuildPhase section */

/* Begin PBXTargetDependency section */
		B87239981975159200EC5CE2 /* PBXTargetDependency */ = {
			isa = PBXTargetDependency;
			target = B87239701975159200EC5CE2 /* YSActionSheetExample */;
			targetProxy = B87239971975159200EC5CE2 /* PBXContainerItemProxy */;
		};
/* End PBXTargetDependency section */

/* Begin PBXVariantGroup section */
		B872397D1975159200EC5CE2 /* InfoPlist.strings */ = {
			isa = PBXVariantGroup;
			children = (
				B872397E1975159200EC5CE2 /* en */,
			);
			name = InfoPlist.strings;
			sourceTree = "<group>";
		};
		B87239861975159200EC5CE2 /* Main.storyboard */ = {
			isa = PBXVariantGroup;
			children = (
				B87239871975159200EC5CE2 /* Base */,
			);
			name = Main.storyboard;
			sourceTree = "<group>";
		};
		B872399C1975159200EC5CE2 /* InfoPlist.strings */ = {
			isa = PBXVariantGroup;
			children = (
				B872399D1975159200EC5CE2 /* en */,
			);
			name = InfoPlist.strings;
			sourceTree = "<group>";
		};
/* End PBXVariantGroup section */

/* Begin XCBuildConfiguration section */
		B87239A11975159200EC5CE2 /* Debug */ = {
			isa = XCBuildConfiguration;
			buildSettings = {
				ALWAYS_SEARCH_USER_PATHS = NO;
				CLANG_CXX_LANGUAGE_STANDARD = "gnu++0x";
				CLANG_CXX_LIBRARY = "libc++";
				CLANG_ENABLE_MODULES = YES;
				CLANG_ENABLE_OBJC_ARC = YES;
				CLANG_WARN_BOOL_CONVERSION = YES;
				CLANG_WARN_CONSTANT_CONVERSION = YES;
				CLANG_WARN_DIRECT_OBJC_ISA_USAGE = YES_ERROR;
				CLANG_WARN_EMPTY_BODY = YES;
				CLANG_WARN_ENUM_CONVERSION = YES;
				CLANG_WARN_INT_CONVERSION = YES;
				CLANG_WARN_OBJC_ROOT_CLASS = YES_ERROR;
				CLANG_WARN__DUPLICATE_METHOD_MATCH = YES;
				"CODE_SIGN_IDENTITY[sdk=iphoneos*]" = "iPhone Developer";
				COPY_PHASE_STRIP = NO;
				ENABLE_TESTABILITY = YES;
				GCC_C_LANGUAGE_STANDARD = gnu99;
				GCC_DYNAMIC_NO_PIC = NO;
				GCC_OPTIMIZATION_LEVEL = 0;
				GCC_PREPROCESSOR_DEFINITIONS = (
					"DEBUG=1",
					"$(inherited)",
				);
				GCC_SYMBOLS_PRIVATE_EXTERN = NO;
				GCC_WARN_64_TO_32_BIT_CONVERSION = YES;
				GCC_WARN_ABOUT_RETURN_TYPE = YES_ERROR;
				GCC_WARN_UNDECLARED_SELECTOR = YES;
				GCC_WARN_UNINITIALIZED_AUTOS = YES_AGGRESSIVE;
				GCC_WARN_UNUSED_FUNCTION = YES;
				GCC_WARN_UNUSED_VARIABLE = YES;
				IPHONEOS_DEPLOYMENT_TARGET = 7.1;
				ONLY_ACTIVE_ARCH = YES;
				SDKROOT = iphoneos;
			};
			name = Debug;
		};
		B87239A21975159200EC5CE2 /* Release */ = {
			isa = XCBuildConfiguration;
			buildSettings = {
				ALWAYS_SEARCH_USER_PATHS = NO;
				CLANG_CXX_LANGUAGE_STANDARD = "gnu++0x";
				CLANG_CXX_LIBRARY = "libc++";
				CLANG_ENABLE_MODULES = YES;
				CLANG_ENABLE_OBJC_ARC = YES;
				CLANG_WARN_BOOL_CONVERSION = YES;
				CLANG_WARN_CONSTANT_CONVERSION = YES;
				CLANG_WARN_DIRECT_OBJC_ISA_USAGE = YES_ERROR;
				CLANG_WARN_EMPTY_BODY = YES;
				CLANG_WARN_ENUM_CONVERSION = YES;
				CLANG_WARN_INT_CONVERSION = YES;
				CLANG_WARN_OBJC_ROOT_CLASS = YES_ERROR;
				CLANG_WARN__DUPLICATE_METHOD_MATCH = YES;
				"CODE_SIGN_IDENTITY[sdk=iphoneos*]" = "iPhone Developer";
				COPY_PHASE_STRIP = YES;
				ENABLE_NS_ASSERTIONS = NO;
				GCC_C_LANGUAGE_STANDARD = gnu99;
				GCC_WARN_64_TO_32_BIT_CONVERSION = YES;
				GCC_WARN_ABOUT_RETURN_TYPE = YES_ERROR;
				GCC_WARN_UNDECLARED_SELECTOR = YES;
				GCC_WARN_UNINITIALIZED_AUTOS = YES_AGGRESSIVE;
				GCC_WARN_UNUSED_FUNCTION = YES;
				GCC_WARN_UNUSED_VARIABLE = YES;
				IPHONEOS_DEPLOYMENT_TARGET = 7.1;
				SDKROOT = iphoneos;
				VALIDATE_PRODUCT = YES;
			};
			name = Release;
		};
		B87239A41975159200EC5CE2 /* Debug */ = {
			isa = XCBuildConfiguration;
			baseConfigurationReference = 1DC469F0C4033F64957A74B2 /* Pods-YSActionSheetExample.debug.xcconfig */;
			buildSettings = {
				ASSETCATALOG_COMPILER_APPICON_NAME = AppIcon;
				ASSETCATALOG_COMPILER_LAUNCHIMAGE_NAME = LaunchImage;
				GCC_PRECOMPILE_PREFIX_HEADER = YES;
				GCC_PREFIX_HEADER = "YSActionSheetExample/YSActionSheetExample-Prefix.pch";
				INFOPLIST_FILE = "YSActionSheetExample/YSActionSheetExample-Info.plist";
				IPHONEOS_DEPLOYMENT_TARGET = 7.1;
				PRODUCT_BUNDLE_IDENTIFIER = "jp.YuSugawara.${PRODUCT_NAME:rfc1034identifier}";
				PRODUCT_NAME = "$(TARGET_NAME)";
				TARGETED_DEVICE_FAMILY = "1,2";
				WRAPPER_EXTENSION = app;
			};
			name = Debug;
		};
		B87239A51975159200EC5CE2 /* Release */ = {
			isa = XCBuildConfiguration;
			baseConfigurationReference = 32CA6914E3F1D9E7306F333F /* Pods-YSActionSheetExample.release.xcconfig */;
			buildSettings = {
				ASSETCATALOG_COMPILER_APPICON_NAME = AppIcon;
				ASSETCATALOG_COMPILER_LAUNCHIMAGE_NAME = LaunchImage;
				GCC_PRECOMPILE_PREFIX_HEADER = YES;
				GCC_PREFIX_HEADER = "YSActionSheetExample/YSActionSheetExample-Prefix.pch";
				INFOPLIST_FILE = "YSActionSheetExample/YSActionSheetExample-Info.plist";
				IPHONEOS_DEPLOYMENT_TARGET = 7.1;
				PRODUCT_BUNDLE_IDENTIFIER = "jp.YuSugawara.${PRODUCT_NAME:rfc1034identifier}";
				PRODUCT_NAME = "$(TARGET_NAME)";
				TARGETED_DEVICE_FAMILY = "1,2";
				WRAPPER_EXTENSION = app;
			};
			name = Release;
		};
		B87239A71975159200EC5CE2 /* Debug */ = {
			isa = XCBuildConfiguration;
			baseConfigurationReference = 28C12CA36EAAC624314A1ADF /* Pods-YSActionSheetExampleTests.debug.xcconfig */;
			buildSettings = {
				BUNDLE_LOADER = "$(BUILT_PRODUCTS_DIR)/YSActionSheetExample.app/YSActionSheetExample";
				FRAMEWORK_SEARCH_PATHS = (
					"$(SDKROOT)/Developer/Library/Frameworks",
					"$(inherited)",
					"$(DEVELOPER_FRAMEWORKS_DIR)",
				);
				GCC_PRECOMPILE_PREFIX_HEADER = YES;
				GCC_PREFIX_HEADER = "YSActionSheetExample/YSActionSheetExample-Prefix.pch";
				GCC_PREPROCESSOR_DEFINITIONS = (
					"DEBUG=1",
					"$(inherited)",
				);
				INFOPLIST_FILE = "YSActionSheetExampleTests/YSActionSheetExampleTests-Info.plist";
				PRODUCT_BUNDLE_IDENTIFIER = "jp.YuSugawara.${PRODUCT_NAME:rfc1034identifier}";
				PRODUCT_NAME = "$(TARGET_NAME)";
				TEST_HOST = "$(BUNDLE_LOADER)";
				WRAPPER_EXTENSION = xctest;
			};
			name = Debug;
		};
		B87239A81975159200EC5CE2 /* Release */ = {
			isa = XCBuildConfiguration;
			baseConfigurationReference = BB4BA02FF0A0A01FAB9DDB09 /* Pods-YSActionSheetExampleTests.release.xcconfig */;
			buildSettings = {
				BUNDLE_LOADER = "$(BUILT_PRODUCTS_DIR)/YSActionSheetExample.app/YSActionSheetExample";
				FRAMEWORK_SEARCH_PATHS = (
					"$(SDKROOT)/Developer/Library/Frameworks",
					"$(inherited)",
					"$(DEVELOPER_FRAMEWORKS_DIR)",
				);
				GCC_PRECOMPILE_PREFIX_HEADER = YES;
				GCC_PREFIX_HEADER = "YSActionSheetExample/YSActionSheetExample-Prefix.pch";
				INFOPLIST_FILE = "YSActionSheetExampleTests/YSActionSheetExampleTests-Info.plist";
				PRODUCT_BUNDLE_IDENTIFIER = "jp.YuSugawara.${PRODUCT_NAME:rfc1034identifier}";
				PRODUCT_NAME = "$(TARGET_NAME)";
				TEST_HOST = "$(BUNDLE_LOADER)";
				WRAPPER_EXTENSION = xctest;
			};
			name = Release;
		};
/* End XCBuildConfiguration section */

/* Begin XCConfigurationList section */
		B872396C1975159200EC5CE2 /* Build configuration list for PBXProject "YSActionSheetExample" */ = {
			isa = XCConfigurationList;
			buildConfigurations = (
				B87239A11975159200EC5CE2 /* Debug */,
				B87239A21975159200EC5CE2 /* Release */,
			);
			defaultConfigurationIsVisible = 0;
			defaultConfigurationName = Release;
		};
		B87239A31975159200EC5CE2 /* Build configuration list for PBXNativeTarget "YSActionSheetExample" */ = {
			isa = XCConfigurationList;
			buildConfigurations = (
				B87239A41975159200EC5CE2 /* Debug */,
				B87239A51975159200EC5CE2 /* Release */,
			);
			defaultConfigurationIsVisible = 0;
			defaultConfigurationName = Release;
		};
		B87239A61975159200EC5CE2 /* Build configuration list for PBXNativeTarget "YSActionSheetExampleTests" */ = {
			isa = XCConfigurationList;
			buildConfigurations = (
				B87239A71975159200EC5CE2 /* Debug */,
				B87239A81975159200EC5CE2 /* Release */,
			);
			defaultConfigurationIsVisible = 0;
			defaultConfigurationName = Release;
		};
/* End XCConfigurationList section */
	};
	rootObject = B87239691975159200EC5CE2 /* Project object */;
}
